
Microsoft Visual Studio Solution File, Format Version 12.00
# Visual Studio Version 17
VisualStudioVersion = 17.0.32014.148
MinimumVisualStudioVersion = 10.0.40219.1
Project("{FAE04EC0-301F-11D3-BF4B-00C04F79EFBC}") = "UsedCarLot", "UsedCarLot\UsedCarLot.csproj", "{74A31B3C-44EB-4F7B-AA3F-F12DD4D261C9}"
EndProject
Global
	GlobalSection(SolutionConfigurationPlatforms) = preSolution
		Debug|Any CPU = Debug|Any CPU
		Release|Any CPU = Release|Any CPU
	EndGlobalSection
	GlobalSection(ProjectConfigurationPlatforms) = postSolution
		{74A31B3C-44EB-4F7B-AA3F-F12DD4D261C9}.Debug|Any CPU.ActiveCfg = Debug|Any CPU
		{74A31B3C-44EB-4F7B-AA3F-F12DD4D261C9}.Debug|Any CPU.Build.0 = Debug|Any CPU
		{74A31B3C-44EB-4F7B-AA3F-F12DD4D261C9}.Release|Any CPU.ActiveCfg = Release|Any CPU
		{74A31B3C-44EB-4F7B-AA3F-F12DD4D261C9}.Release|Any CPU.Build.0 = Release|Any CPU
	EndGlobalSection
	GlobalSection(SolutionProperties) = preSolution
		HideSolutionNode = FALSE
	EndGlobalSection
	GlobalSection(ExtensibilityGlobals) = postSolution
		SolutionGuid = {BC67F7BA-5FEB-4478-BE9E-D92D8A82CEFD}
	EndGlobalSection
EndGlobal
